
Microsoft Visual Studio Solution File, Format Version 11.00
# Visual Studio 2010
Project("{FAE04EC0-301F-11D3-BF4B-00C04F79EFBC}") = "DLLUsage", "DLLUsage\DLLUsage.csproj", "{35D532EC-E27E-41B9-A87C-654C8573CD4B}"
EndProject
Project("{FAE04EC0-301F-11D3-BF4B-00C04F79EFBC}") = "GSharpTools", "GSharpTools\GSharpTools.csproj", "{7D2D807B-9611-40F9-9B6D-72FE7BDD46AA}"
EndProject
Project("{FAE04EC0-301F-11D3-BF4B-00C04F79EFBC}") = "GCalc", "GCalc\GCalc.csproj", "{5060E4E6-D1B7-45C8-9B3E-78847CC5EA42}"
EndProject
Project("{FAE04EC0-301F-11D3-BF4B-00C04F79EFBC}") = "PathEd", "PathEd\PathEd.csproj", "{E82E5291-81D5-43B3-A405-BC85F2B3E4E1}"
EndProject
Project("{FAE04EC0-301F-11D3-BF4B-00C04F79EFBC}") = "Which", "Which\Which.csproj", "{3272C01E-FCF4-44A1-8BA7-D930DA4AC19F}"
EndProject
Project("{FAE04EC0-301F-11D3-BF4B-00C04F79EFBC}") = "pserv3", "PServ3\pserv3.csproj", "{5932D64C-937B-429F-93BB-8EB70D8DB3DE}"
EndProject
Project("{FAE04EC0-301F-11D3-BF4B-00C04F79EFBC}") = "DetectDuplicates", "DetectDuplicates\DetectDuplicates.csproj", "{BF9E56E1-D105-4772-A6EB-9FFA5306CBDB}"
EndProject
Project("{FAE04EC0-301F-11D3-BF4B-00C04F79EFBC}") = "GSharpSQLite", "GSharpSQLite\GSharpSQLite.csproj", "{8805870A-EA6B-4166-923E-D510316CE5A8}"
EndProject
Project("{FAE04EC0-301F-11D3-BF4B-00C04F79EFBC}") = "GPrint", "GPrint\GPrint.csproj", "{2F333553-A452-4564-A725-7E1EDFFF259A}"
EndProject
Project("{FAE04EC0-301F-11D3-BF4B-00C04F79EFBC}") = "gpn", "gpn\gpn.csproj", "{89551698-CEB2-4EAC-A1EC-DADCFF223A4D}"
EndProject
Project("{FAE04EC0-301F-11D3-BF4B-00C04F79EFBC}") = "md5sums", "md5sums\md5sums.csproj", "{3D833763-960E-4755-90BD-6A516B222A59}"
EndProject
Project("{FAE04EC0-301F-11D3-BF4B-00C04F79EFBC}") = "touch", "touch\touch.csproj", "{65F27639-AF1D-4F57-93C4-3C895019A7F7}"
EndProject
Project("{FAE04EC0-301F-11D3-BF4B-00C04F79EFBC}") = "GPrintTest", "GPrintTest\GPrintTest.csproj", "{A8595E2F-4099-44D0-84DE-874398630162}"
EndProject
Global
	GlobalSection(SolutionConfigurationPlatforms) = preSolution
		Debug|Any CPU = Debug|Any CPU
		Debug|Mixed Platforms = Debug|Mixed Platforms
		Debug|x86 = Debug|x86
		Release|Any CPU = Release|Any CPU
		Release|Mixed Platforms = Release|Mixed Platforms
		Release|x86 = Release|x86
	EndGlobalSection
	GlobalSection(ProjectConfigurationPlatforms) = postSolution
		{35D532EC-E27E-41B9-A87C-654C8573CD4B}.Debug|Any CPU.ActiveCfg = Debug|Any CPU
		{35D532EC-E27E-41B9-A87C-654C8573CD4B}.Debug|Any CPU.Build.0 = Debug|Any CPU
		{35D532EC-E27E-41B9-A87C-654C8573CD4B}.Debug|Mixed Platforms.ActiveCfg = Debug|Any CPU
		{35D532EC-E27E-41B9-A87C-654C8573CD4B}.Debug|Mixed Platforms.Build.0 = Debug|Any CPU
		{35D532EC-E27E-41B9-A87C-654C8573CD4B}.Debug|x86.ActiveCfg = Debug|Any CPU
		{35D532EC-E27E-41B9-A87C-654C8573CD4B}.Release|Any CPU.ActiveCfg = Release|Any CPU
		{35D532EC-E27E-41B9-A87C-654C8573CD4B}.Release|Any CPU.Build.0 = Release|Any CPU
		{35D532EC-E27E-41B9-A87C-654C8573CD4B}.Release|Mixed Platforms.ActiveCfg = Release|Any CPU
		{35D532EC-E27E-41B9-A87C-654C8573CD4B}.Release|Mixed Platforms.Build.0 = Release|Any CPU
		{35D532EC-E27E-41B9-A87C-654C8573CD4B}.Release|x86.ActiveCfg = Release|Any CPU
		{7D2D807B-9611-40F9-9B6D-72FE7BDD46AA}.Debug|Any CPU.ActiveCfg = Debug|Any CPU
		{7D2D807B-9611-40F9-9B6D-72FE7BDD46AA}.Debug|Any CPU.Build.0 = Debug|Any CPU
		{7D2D807B-9611-40F9-9B6D-72FE7BDD46AA}.Debug|Mixed Platforms.ActiveCfg = Debug|Any CPU
		{7D2D807B-9611-40F9-9B6D-72FE7BDD46AA}.Debug|Mixed Platforms.Build.0 = Debug|Any CPU
		{7D2D807B-9611-40F9-9B6D-72FE7BDD46AA}.Debug|x86.ActiveCfg = Debug|Any CPU
		{7D2D807B-9611-40F9-9B6D-72FE7BDD46AA}.Release|Any CPU.ActiveCfg = Release|Any CPU
		{7D2D807B-9611-40F9-9B6D-72FE7BDD46AA}.Release|Any CPU.Build.0 = Release|Any CPU
		{7D2D807B-9611-40F9-9B6D-72FE7BDD46AA}.Release|Mixed Platforms.ActiveCfg = Release|Any CPU
		{7D2D807B-9611-40F9-9B6D-72FE7BDD46AA}.Release|Mixed Platforms.Build.0 = Release|Any CPU
		{7D2D807B-9611-40F9-9B6D-72FE7BDD46AA}.Release|x86.ActiveCfg = Release|Any CPU
		{5060E4E6-D1B7-45C8-9B3E-78847CC5EA42}.Debug|Any CPU.ActiveCfg = Debug|Any CPU
		{5060E4E6-D1B7-45C8-9B3E-78847CC5EA42}.Debug|Any CPU.Build.0 = Debug|Any CPU
		{5060E4E6-D1B7-45C8-9B3E-78847CC5EA42}.Debug|Mixed Platforms.ActiveCfg = Debug|Any CPU
		{5060E4E6-D1B7-45C8-9B3E-78847CC5EA42}.Debug|Mixed Platforms.Build.0 = Debug|Any CPU
		{5060E4E6-D1B7-45C8-9B3E-78847CC5EA42}.Debug|x86.ActiveCfg = Debug|Any CPU
		{5060E4E6-D1B7-45C8-9B3E-78847CC5EA42}.Release|Any CPU.ActiveCfg = Release|Any CPU
		{5060E4E6-D1B7-45C8-9B3E-78847CC5EA42}.Release|Any CPU.Build.0 = Release|Any CPU
		{5060E4E6-D1B7-45C8-9B3E-78847CC5EA42}.Release|Mixed Platforms.ActiveCfg = Release|Any CPU
		{5060E4E6-D1B7-45C8-9B3E-78847CC5EA42}.Release|Mixed Platforms.Build.0 = Release|Any CPU
		{5060E4E6-D1B7-45C8-9B3E-78847CC5EA42}.Release|x86.ActiveCfg = Release|Any CPU
		{E82E5291-81D5-43B3-A405-BC85F2B3E4E1}.Debug|Any CPU.ActiveCfg = Debug|Any CPU
		{E82E5291-81D5-43B3-A405-BC85F2B3E4E1}.Debug|Any CPU.Build.0 = Debug|Any CPU
		{E82E5291-81D5-43B3-A405-BC85F2B3E4E1}.Debug|Mixed Platforms.ActiveCfg = Debug|Any CPU
		{E82E5291-81D5-43B3-A405-BC85F2B3E4E1}.Debug|Mixed Platforms.Build.0 = Debug|Any CPU
		{E82E5291-81D5-43B3-A405-BC85F2B3E4E1}.Debug|x86.ActiveCfg = Debug|Any CPU
		{E82E5291-81D5-43B3-A405-BC85F2B3E4E1}.Release|Any CPU.ActiveCfg = Release|Any CPU
		{E82E5291-81D5-43B3-A405-BC85F2B3E4E1}.Release|Any CPU.Build.0 = Release|Any CPU
		{E82E5291-81D5-43B3-A405-BC85F2B3E4E1}.Release|Mixed Platforms.ActiveCfg = Release|Any CPU
		{E82E5291-81D5-43B3-A405-BC85F2B3E4E1}.Release|Mixed Platforms.Build.0 = Release|Any CPU
		{E82E5291-81D5-43B3-A405-BC85F2B3E4E1}.Release|x86.ActiveCfg = Release|Any CPU
		{3272C01E-FCF4-44A1-8BA7-D930DA4AC19F}.Debug|Any CPU.ActiveCfg = Debug|Any CPU
		{3272C01E-FCF4-44A1-8BA7-D930DA4AC19F}.Debug|Any CPU.Build.0 = Debug|Any CPU
		{3272C01E-FCF4-44A1-8BA7-D930DA4AC19F}.Debug|Mixed Platforms.ActiveCfg = Debug|Any CPU
		{3272C01E-FCF4-44A1-8BA7-D930DA4AC19F}.Debug|Mixed Platforms.Build.0 = Debug|Any CPU
		{3272C01E-FCF4-44A1-8BA7-D930DA4AC19F}.Debug|x86.ActiveCfg = Debug|Any CPU
		{3272C01E-FCF4-44A1-8BA7-D930DA4AC19F}.Release|Any CPU.ActiveCfg = Release|Any CPU
		{3272C01E-FCF4-44A1-8BA7-D930DA4AC19F}.Release|Any CPU.Build.0 = Release|Any CPU
		{3272C01E-FCF4-44A1-8BA7-D930DA4AC19F}.Release|Mixed Platforms.ActiveCfg = Release|Any CPU
		{3272C01E-FCF4-44A1-8BA7-D930DA4AC19F}.Release|Mixed Platforms.Build.0 = Release|Any CPU
		{3272C01E-FCF4-44A1-8BA7-D930DA4AC19F}.Release|x86.ActiveCfg = Release|Any CPU
		{5932D64C-937B-429F-93BB-8EB70D8DB3DE}.Debug|Any CPU.ActiveCfg = Debug|Any CPU
		{5932D64C-937B-429F-93BB-8EB70D8DB3DE}.Debug|Any CPU.Build.0 = Debug|Any CPU
		{5932D64C-937B-429F-93BB-8EB70D8DB3DE}.Debug|Mixed Platforms.ActiveCfg = Debug|Any CPU
		{5932D64C-937B-429F-93BB-8EB70D8DB3DE}.Debug|Mixed Platforms.Build.0 = Debug|Any CPU
		{5932D64C-937B-429F-93BB-8EB70D8DB3DE}.Debug|x86.ActiveCfg = Debug|Any CPU
		{5932D64C-937B-429F-93BB-8EB70D8DB3DE}.Release|Any CPU.ActiveCfg = Release|Any CPU
		{5932D64C-937B-429F-93BB-8EB70D8DB3DE}.Release|Any CPU.Build.0 = Release|Any CPU
		{5932D64C-937B-429F-93BB-8EB70D8DB3DE}.Release|Mixed Platforms.ActiveCfg = Release|Any CPU
		{5932D64C-937B-429F-93BB-8EB70D8DB3DE}.Release|Mixed Platforms.Build.0 = Release|Any CPU
		{5932D64C-937B-429F-93BB-8EB70D8DB3DE}.Release|x86.ActiveCfg = Release|Any CPU
		{BF9E56E1-D105-4772-A6EB-9FFA5306CBDB}.Debug|Any CPU.ActiveCfg = Debug|Any CPU
		{BF9E56E1-D105-4772-A6EB-9FFA5306CBDB}.Debug|Any CPU.Build.0 = Debug|Any CPU
		{BF9E56E1-D105-4772-A6EB-9FFA5306CBDB}.Debug|Mixed Platforms.ActiveCfg = Debug|Any CPU
		{BF9E56E1-D105-4772-A6EB-9FFA5306CBDB}.Debug|Mixed Platforms.Build.0 = Debug|Any CPU
		{BF9E56E1-D105-4772-A6EB-9FFA5306CBDB}.Debug|x86.ActiveCfg = Debug|Any CPU
		{BF9E56E1-D105-4772-A6EB-9FFA5306CBDB}.Release|Any CPU.ActiveCfg = Release|Any CPU
		{BF9E56E1-D105-4772-A6EB-9FFA5306CBDB}.Release|Any CPU.Build.0 = Release|Any CPU
		{BF9E56E1-D105-4772-A6EB-9FFA5306CBDB}.Release|Mixed Platforms.ActiveCfg = Release|Any CPU
		{BF9E56E1-D105-4772-A6EB-9FFA5306CBDB}.Release|Mixed Platforms.Build.0 = Release|Any CPU
		{BF9E56E1-D105-4772-A6EB-9FFA5306CBDB}.Release|x86.ActiveCfg = Release|Any CPU
		{8805870A-EA6B-4166-923E-D510316CE5A8}.Debug|Any CPU.ActiveCfg = Debug|Any CPU
		{8805870A-EA6B-4166-923E-D510316CE5A8}.Debug|Any CPU.Build.0 = Debug|Any CPU
		{8805870A-EA6B-4166-923E-D510316CE5A8}.Debug|Mixed Platforms.ActiveCfg = Debug|Any CPU
		{8805870A-EA6B-4166-923E-D510316CE5A8}.Debug|Mixed Platforms.Build.0 = Debug|Any CPU
		{8805870A-EA6B-4166-923E-D510316CE5A8}.Debug|x86.ActiveCfg = Debug|Any CPU
		{8805870A-EA6B-4166-923E-D510316CE5A8}.Release|Any CPU.ActiveCfg = Release|Any CPU
		{8805870A-EA6B-4166-923E-D510316CE5A8}.Release|Any CPU.Build.0 = Release|Any CPU
		{8805870A-EA6B-4166-923E-D510316CE5A8}.Release|Mixed Platforms.ActiveCfg = Release|Any CPU
		{8805870A-EA6B-4166-923E-D510316CE5A8}.Release|Mixed Platforms.Build.0 = Release|Any CPU
		{8805870A-EA6B-4166-923E-D510316CE5A8}.Release|x86.ActiveCfg = Release|Any CPU
		{2F333553-A452-4564-A725-7E1EDFFF259A}.Debug|Any CPU.ActiveCfg = Debug|Any CPU
		{2F333553-A452-4564-A725-7E1EDFFF259A}.Debug|Any CPU.Build.0 = Debug|Any CPU
		{2F333553-A452-4564-A725-7E1EDFFF259A}.Debug|Mixed Platforms.ActiveCfg = Debug|Any CPU
		{2F333553-A452-4564-A725-7E1EDFFF259A}.Debug|Mixed Platforms.Build.0 = Debug|Any CPU
		{2F333553-A452-4564-A725-7E1EDFFF259A}.Debug|x86.ActiveCfg = Debug|Any CPU
		{2F333553-A452-4564-A725-7E1EDFFF259A}.Release|Any CPU.ActiveCfg = Release|Any CPU
		{2F333553-A452-4564-A725-7E1EDFFF259A}.Release|Any CPU.Build.0 = Release|Any CPU
		{2F333553-A452-4564-A725-7E1EDFFF259A}.Release|Mixed Platforms.ActiveCfg = Release|Any CPU
		{2F333553-A452-4564-A725-7E1EDFFF259A}.Release|Mixed Platforms.Build.0 = Release|Any CPU
		{2F333553-A452-4564-A725-7E1EDFFF259A}.Release|x86.ActiveCfg = Release|Any CPU
		{89551698-CEB2-4EAC-A1EC-DADCFF223A4D}.Debug|Any CPU.ActiveCfg = Debug|Any CPU
		{89551698-CEB2-4EAC-A1EC-DADCFF223A4D}.Debug|Any CPU.Build.0 = Debug|Any CPU
		{89551698-CEB2-4EAC-A1EC-DADCFF223A4D}.Debug|Mixed Platforms.ActiveCfg = Debug|Any CPU
		{89551698-CEB2-4EAC-A1EC-DADCFF223A4D}.Debug|Mixed Platforms.Build.0 = Debug|Any CPU
		{89551698-CEB2-4EAC-A1EC-DADCFF223A4D}.Debug|x86.ActiveCfg = Debug|Any CPU
		{89551698-CEB2-4EAC-A1EC-DADCFF223A4D}.Release|Any CPU.ActiveCfg = Release|Any CPU
		{89551698-CEB2-4EAC-A1EC-DADCFF223A4D}.Release|Any CPU.Build.0 = Release|Any CPU
		{89551698-CEB2-4EAC-A1EC-DADCFF223A4D}.Release|Mixed Platforms.ActiveCfg = Release|Any CPU
		{89551698-CEB2-4EAC-A1EC-DADCFF223A4D}.Release|Mixed Platforms.Build.0 = Release|Any CPU
		{89551698-CEB2-4EAC-A1EC-DADCFF223A4D}.Release|x86.ActiveCfg = Release|Any CPU
		{3D833763-960E-4755-90BD-6A516B222A59}.Debug|Any CPU.ActiveCfg = Debug|x86
		{3D833763-960E-4755-90BD-6A516B222A59}.Debug|Mixed Platforms.ActiveCfg = Debug|x86
		{3D833763-960E-4755-90BD-6A516B222A59}.Debug|Mixed Platforms.Build.0 = Debug|x86
		{3D833763-960E-4755-90BD-6A516B222A59}.Debug|x86.ActiveCfg = Debug|x86
		{3D833763-960E-4755-90BD-6A516B222A59}.Debug|x86.Build.0 = Debug|x86
		{3D833763-960E-4755-90BD-6A516B222A59}.Release|Any CPU.ActiveCfg = Release|x86
		{3D833763-960E-4755-90BD-6A516B222A59}.Release|Mixed Platforms.ActiveCfg = Release|x86
		{3D833763-960E-4755-90BD-6A516B222A59}.Release|Mixed Platforms.Build.0 = Release|x86
		{3D833763-960E-4755-90BD-6A516B222A59}.Release|x86.ActiveCfg = Release|x86
		{3D833763-960E-4755-90BD-6A516B222A59}.Release|x86.Build.0 = Release|x86
		{65F27639-AF1D-4F57-93C4-3C895019A7F7}.Debug|Any CPU.ActiveCfg = Debug|x86
		{65F27639-AF1D-4F57-93C4-3C895019A7F7}.Debug|Mixed Platforms.ActiveCfg = Debug|x86
		{65F27639-AF1D-4F57-93C4-3C895019A7F7}.Debug|Mixed Platforms.Build.0 = Debug|x86
		{65F27639-AF1D-4F57-93C4-3C895019A7F7}.Debug|x86.ActiveCfg = Debug|x86
		{65F27639-AF1D-4F57-93C4-3C895019A7F7}.Debug|x86.Build.0 = Debug|x86
		{65F27639-AF1D-4F57-93C4-3C895019A7F7}.Release|Any CPU.ActiveCfg = Release|x86
		{65F27639-AF1D-4F57-93C4-3C895019A7F7}.Release|Mixed Platforms.ActiveCfg = Release|x86
		{65F27639-AF1D-4F57-93C4-3C895019A7F7}.Release|Mixed Platforms.Build.0 = Release|x86
		{65F27639-AF1D-4F57-93C4-3C895019A7F7}.Release|x86.ActiveCfg = Release|x86
		{65F27639-AF1D-4F57-93C4-3C895019A7F7}.Release|x86.Build.0 = Release|x86
		{A8595E2F-4099-44D0-84DE-874398630162}.Debug|Any CPU.ActiveCfg = Debug|x86
		{A8595E2F-4099-44D0-84DE-874398630162}.Debug|Mixed Platforms.ActiveCfg = Debug|x86
		{A8595E2F-4099-44D0-84DE-874398630162}.Debug|Mixed Platforms.Build.0 = Debug|x86
		{A8595E2F-4099-44D0-84DE-874398630162}.Debug|x86.ActiveCfg = Debug|x86
		{A8595E2F-4099-44D0-84DE-874398630162}.Debug|x86.Build.0 = Debug|x86
		{A8595E2F-4099-44D0-84DE-874398630162}.Release|Any CPU.ActiveCfg = Release|x86
		{A8595E2F-4099-44D0-84DE-874398630162}.Release|Mixed Platforms.ActiveCfg = Release|x86
		{A8595E2F-4099-44D0-84DE-874398630162}.Release|Mixed Platforms.Build.0 = Release|x86
		{A8595E2F-4099-44D0-84DE-874398630162}.Release|x86.ActiveCfg = Release|x86
		{A8595E2F-4099-44D0-84DE-874398630162}.Release|x86.Build.0 = Release|x86
	EndGlobalSection
	GlobalSection(SolutionProperties) = preSolution
		HideSolutionNode = FALSE
	EndGlobalSection
EndGlobal
